
Microsoft Visual Studio Solution File, Format Version 12.00
# Visual Studio Version 17
VisualStudioVersion = 17.3.32811.315
MinimumVisualStudioVersion = 10.0.40219.1
Project("{9A19103F-16F7-4668-BE54-9A1E7A4F7556}") = "StaticBlogTemplate", "StaticBlogTemplate.csproj", "{EBC32921-1F05-4E9C-AD2A-D0DC51C69F51}"
EndProject
Project("{2150E333-8FDC-42A3-9474-1A3956D46DE8}") = "Solution Items", "Solution Items", "{C7973B12-214B-4147-A9AF-F32DD6F6E438}"
	ProjectSection(SolutionItems) = preProject
		.github\workflows\dotnet.yml = .github\workflows\dotnet.yml
	EndProjectSection
EndProject
Global
	GlobalSection(SolutionConfigurationPlatforms) = preSolution
		Debug|Any CPU = Debug|Any CPU
		Release|Any CPU = Release|Any CPU
	EndGlobalSection
	GlobalSection(ProjectConfigurationPlatforms) = postSolution
		{EBC32921-1F05-4E9C-AD2A-D0DC51C69F51}.Debug|Any CPU.ActiveCfg = Debug|Any CPU
		{EBC32921-1F05-4E9C-AD2A-D0DC51C69F51}.Debug|Any CPU.Build.0 = Debug|Any CPU
		{EBC32921-1F05-4E9C-AD2A-D0DC51C69F51}.Release|Any CPU.ActiveCfg = Release|Any CPU
		{EBC32921-1F05-4E9C-AD2A-D0DC51C69F51}.Release|Any CPU.Build.0 = Release|Any CPU
	EndGlobalSection
	GlobalSection(SolutionProperties) = preSolution
		HideSolutionNode = FALSE
	EndGlobalSection
	GlobalSection(ExtensibilityGlobals) = postSolution
		SolutionGuid = {7C48FAB6-0572-4730-AF3F-CF0568447D98}
	EndGlobalSection
EndGlobal
